
Microsoft Visual Studio Solution File, Format Version 12.00
# Visual Studio Version 16
VisualStudioVersion = 16.0.29306.81
MinimumVisualStudioVersion = 10.0.40219.1
Project("{FAE04EC0-301F-11D3-BF4B-00C04F79EFBC}") = "easyConfigEdit", "easyConfigEdit\easyConfigEdit.csproj", "{1BC513C0-F266-4ECE-9EFC-404B55DAFC53}"
EndProject
Global
	GlobalSection(SolutionConfigurationPlatforms) = preSolution
		Debug|Any CPU = Debug|Any CPU
		Release|Any CPU = Release|Any CPU
	EndGlobalSection
	GlobalSection(ProjectConfigurationPlatforms) = postSolution
		{1BC513C0-F266-4ECE-9EFC-404B55DAFC53}.Debug|Any CPU.ActiveCfg = Debug|Any CPU
		{1BC513C0-F266-4ECE-9EFC-404B55DAFC53}.Debug|Any CPU.Build.0 = Debug|Any CPU
		{1BC513C0-F266-4ECE-9EFC-404B55DAFC53}.Release|Any CPU.ActiveCfg = Release|Any CPU
		{1BC513C0-F266-4ECE-9EFC-404B55DAFC53}.Release|Any CPU.Build.0 = Release|Any CPU
	EndGlobalSection
	GlobalSection(SolutionProperties) = preSolution
		HideSolutionNode = FALSE
	EndGlobalSection
	GlobalSection(ExtensibilityGlobals) = postSolution
		SolutionGuid = {1A309516-4CF2-4948-88B0-41BAE013CDE9}
	EndGlobalSection
EndGlobal
